<?xml version="1.0" encoding="utf-8"?>
<Project ToolsVersion="4.0" xmlns="http://schemas.microsoft.com/developer/msbuild/2003">
  <ItemGroup>
    <Filter Include="src">
      <UniqueIdentifier>{d3e5a7f3-922a-45b6-a89c-6a8fde10bb5d}</UniqueIdentifier>
    </Filter>
    <Filter Include="include">
      <UniqueIdentifier>{342e2fbd-aada-4907-924b-404f26c25572}</UniqueIdentifier>
    </Filter>
    <Filter Include="assets">
      <UniqueIdentifier>{9ee9d2ac-e3b6-48d9-a070-40bd9aaf874c}</UniqueIdentifier>
    </Filter>
  </ItemGroup>
  <ItemGroup>
    <ClInclude Include="include\GameLogic.h">
      <Filter>include</Filter>
    </ClInclude>
    <ClInclude Include="include\Renderer.h">
      <Filter>include</Filter>
    </ClInclude>
    <ClInclude Include="include\WordLoader.h">
      <Filter>include</Filter>
    </ClInclude>
  </ItemGroup>
  <ItemGroup>
    <ClCompile Include="src\GameLogic.cpp">
      <Filter>src</Filter>
    </ClCompile>
    <ClCompile Include="src\main.cpp">
      <Filter>src</Filter>
    </ClCompile>
    <ClCompile Include="src\Renderer.cpp">
      <Filter>src</Filter>
    </ClCompile>
    <ClCompile Include="src\WordLoader.cpp">
      <Filter>src</Filter>
    </ClCompile>
  </ItemGroup>
  <ItemGroup>
    <Text Include="assets\ASCII\hangman0.txt">
      <Filter>assets</Filter>
    </Text>
    <Text Include="assets\ASCII\hangman1.txt">
      <Filter>assets</Filter>
    </Text>
    <Text Include="assets\ASCII\hangman2.txt">
      <Filter>assets</Filter>
    </Text>
    <Text Include="assets\ASCII\hangman3.txt">
      <Filter>assets</Filter>
    </Text>
    <Text Include="assets\ASCII\hangman4.txt">
      <Filter>assets</Filter>
    </Text>
    <Text Include="assets\ASCII\hangman5.txt">
      <Filter>assets</Filter>
    </Text>
    <Text Include="assets\ASCII\hangman6.txt">
      <Filter>assets</Filter>
    </Text>
    <Text Include="assets\ASCII\menu.txt">
      <Filter>assets</Filter>
    </Text>
    <Text Include="assets\ASCII\words.txt">
      <Filter>assets</Filter>
    </Text>
  </ItemGroup>
</Project>